<?xml version="1.0" encoding="utf-8"?>
<Project ToolsVersion="4.0" xmlns="http://schemas.microsoft.com/developer/msbuild/2003">
  <ItemGroup>
    <Filter Include="Source Files">
      <UniqueIdentifier>{4FC737F1-C7A5-4376-A066-2A32D752A2FF}</UniqueIdentifier>
      <Extensions>cpp;c;cc;cxx;c++;cppm;ixx;def;odl;idl;hpj;bat;asm;asmx</Extensions>
    </Filter>
    <Filter Include="Header Files">
      <UniqueIdentifier>{93995380-89BD-4b04-88EB-625FBE52EBFB}</UniqueIdentifier>
      <Extensions>h;hh;hpp;hxx;h++;hm;inl;inc;ipp;xsd</Extensions>
    </Filter>
    <Filter Include="Resource Files">
      <UniqueIdentifier>{67DA6AB6-F800-4c08-8B7A-83BB121AAD01}</UniqueIdentifier>
      <Extensions>rc;ico;cur;bmp;dlg;rc2;rct;bin;rgs;gif;jpg;jpeg;jpe;resx;tiff;tif;png;wav;mfcribbon-ms</Extensions>
    </Filter>
    <Filter Include="Header Files\Engine">
      <UniqueIdentifier>{ce04855b-aaf3-405b-8376-8abde9fbbfa5}</UniqueIdentifier>
    </Filter>
    <Filter Include="Header Files\Utils">
      <UniqueIdentifier>{88c21be6-dbcc-4e3c-8163-346507775882}</UniqueIdentifier>
    </Filter>
    <Filter Include="Header Files\Objects">
      <UniqueIdentifier>{3c46ebf7-e194-42e1-8c43-df0eaf8cb0d4}</UniqueIdentifier>
    </Filter>
    <Filter Include="Source Files\Objects">
      <UniqueIdentifier>{58f68cb5-ea56-400e-84f2-384989514c65}</UniqueIdentifier>
    </Filter>
    <Filter Include="Source Files\Engine">
      <UniqueIdentifier>{830c95d3-c6b9-4a93-a488-acb911522cb9}</UniqueIdentifier>
    </Filter>
    <Filter Include="Header Files\Engine\Physics">
      <UniqueIdentifier>{de259a2a-5f6a-4605-80b7-4f2673cbbc09}</UniqueIdentifier>
    </Filter>
    <Filter Include="Header Files\Engine\Controllers">
      <UniqueIdentifier>{72e339ce-8eab-4ffb-b04c-15dd2fc9eca1}</UniqueIdentifier>
    </Filter>
    <Filter Include="Header Files\Engine\Graphics">
      <UniqueIdentifier>{824fb528-ad91-4dd3-8b19-e2c8e638c7b5}</UniqueIdentifier>
    </Filter>
    <Filter Include="Header Files\Engine\Objects">
      <UniqueIdentifier>{086d307f-48de-4480-a1b8-1ba1427e5db2}</UniqueIdentifier>
    </Filter>
    <Filter Include="Source Files\Engine\Controllers">
      <UniqueIdentifier>{b4375402-7cc9-49ff-a2ed-e6fed722bd62}</UniqueIdentifier>
    </Filter>
    <Filter Include="Source Files\Engine\Physics">
      <UniqueIdentifier>{753d0448-b17a-40f2-b4a4-3018f9d7e204}</UniqueIdentifier>
    </Filter>
    <Filter Include="Source Files\Engine\Graphics">
      <UniqueIdentifier>{1cbd2a72-0686-4cc6-a309-7bf28542ce98}</UniqueIdentifier>
    </Filter>
    <Filter Include="Source Files\Engine\Objects">
      <UniqueIdentifier>{877b4e12-121f-4bb8-a63f-cd4743a4cb06}</UniqueIdentifier>
    </Filter>
    <Filter Include="Source Files\Objects\Components">
      <UniqueIdentifier>{fb7d78e2-3a46-4a21-88a1-7376634d9cda}</UniqueIdentifier>
    </Filter>
    <Filter Include="Source Files\Graphics">
      <UniqueIdentifier>{dc47a1bd-3deb-45ec-a91c-391ad7662e3c}</UniqueIdentifier>
    </Filter>
    <Filter Include="Header Files\Graphics">
      <UniqueIdentifier>{6f3c0585-0dfd-4cad-ae81-8a743171b9a9}</UniqueIdentifier>
    </Filter>
    <Filter Include="Header Files\Objects\Components">
      <UniqueIdentifier>{59c467ad-de00-48a6-b1db-12d84d078616}</UniqueIdentifier>
    </Filter>
    <Filter Include="Header Files\ObjectSpecs">
      <UniqueIdentifier>{87bdc289-4fc4-4ca9-82c4-a4c4bffd8be6}</UniqueIdentifier>
    </Filter>
    <Filter Include="Source Files\ObjectSpecs">
      <UniqueIdentifier>{86e4d301-9dde-4684-b1a6-51f784042191}</UniqueIdentifier>
    </Filter>
    <Filter Include="Header Files\Engine\Physics\Models">
      <UniqueIdentifier>{eaca82e2-76e7-4456-b22f-13efc6ef9ba6}</UniqueIdentifier>
    </Filter>
    <Filter Include="Source Files\Engine\Physics\Models">
      <UniqueIdentifier>{2aa8fc00-2c38-4fcb-b640-36dbba6fb057}</UniqueIdentifier>
    </Filter>
    <Filter Include="Source Files\Engine\Audio">
      <UniqueIdentifier>{d373bc39-9d0d-497b-a200-ad7afdf565fc}</UniqueIdentifier>
    </Filter>
    <Filter Include="Source Files\Engine\Utils">
      <UniqueIdentifier>{1ef3ec28-decd-484a-9d9a-b0374274c7d0}</UniqueIdentifier>
    </Filter>
    <Filter Include="Header Files\Engine\Utils">
      <UniqueIdentifier>{2d43f27e-e3e0-4434-8be9-b615d7254323}</UniqueIdentifier>
    </Filter>
    <Filter Include="Header Files\Engine\Audio">
      <UniqueIdentifier>{48f6c1fb-14ec-47ca-a237-bb92298d1997}</UniqueIdentifier>
    </Filter>
  </ItemGroup>
  <ItemGroup>
    <ClCompile Include="Game.cpp">
      <Filter>Source Files</Filter>
    </ClCompile>
    <ClCompile Include="winmain.cpp">
      <Filter>Source Files\Engine</Filter>
    </ClCompile>
    <ClCompile Include="Ship.cpp">
      <Filter>Source Files\Objects</Filter>
    </ClCompile>
    <ClCompile Include="Controls.cpp">
      <Filter>Source Files\Engine\Controllers</Filter>
    </ClCompile>
    <ClCompile Include="Event.cpp">
      <Filter>Source Files\Engine\Controllers</Filter>
    </ClCompile>
    <ClCompile Include="Camera.cpp">
      <Filter>Source Files\Engine\Graphics</Filter>
    </ClCompile>
    <ClCompile Include="ErrorLogger.cpp">
      <Filter>Source Files\Engine\Utils</Filter>
    </ClCompile>
    <ClCompile Include="GameTimer.cpp">
      <Filter>Source Files\Engine\Utils</Filter>
    </ClCompile>
    <ClCompile Include="PhysModel.cpp">
      <Filter>Source Files\Engine\Physics</Filter>
    </ClCompile>
    <ClCompile Include="ObjectManager.cpp">
      <Filter>Source Files\Engine\Objects</Filter>
    </ClCompile>
    <ClCompile Include="GraphicsModel.cpp">
      <Filter>Source Files\Engine\Graphics</Filter>
    </ClCompile>
    <ClCompile Include="ImageGraphicsModel.cpp">
      <Filter>Source Files\Engine\Graphics</Filter>
    </ClCompile>
    <ClCompile Include="KeyMap.cpp">
      <Filter>Source Files\Engine\Controllers</Filter>
    </ClCompile>
    <ClCompile Include="GameObject.cpp">
      <Filter>Source Files\Engine\Objects</Filter>
    </ClCompile>
    <ClCompile Include="Vector2D.cpp">
      <Filter>Source Files\Engine\Utils</Filter>
    </ClCompile>
    <ClCompile Include="Shapes.cpp">
      <Filter>Source Files\Engine\Utils</Filter>
    </ClCompile>
    <ClCompile Include="UpgradeTree.cpp">
      <Filter>Source Files\Objects\Components</Filter>
    </ClCompile>
    <ClCompile Include="UpgradeTreeUI.cpp">
      <Filter>Source Files\Graphics</Filter>
    </ClCompile>
    <ClCompile Include="Bullet.cpp">
      <Filter>Source Files\Objects</Filter>
    </ClCompile>
    <ClCompile Include="GlobalUI.cpp">
      <Filter>Source Files\Objects</Filter>
    </ClCompile>
    <ClCompile Include="Timer.cpp">
      <Filter>Source Files\Engine\Controllers</Filter>
    </ClCompile>
    <ClCompile Include="ObjectEvent.cpp">
      <Filter>Source Files\Engine\Objects</Filter>
    </ClCompile>
    <ClCompile Include="ObjectFactoryManager.cpp">
      <Filter>Source Files\Engine\Objects</Filter>
    </ClCompile>
    <ClCompile Include="ObjectSpec.cpp">
      <Filter>Source Files\Engine\Objects</Filter>
    </ClCompile>
    <ClCompile Include="ShipSpec.cpp">
      <Filter>Source Files\ObjectSpecs</Filter>
    </ClCompile>
    <ClCompile Include="BulletSpec.cpp">
      <Filter>Source Files\ObjectSpecs</Filter>
    </ClCompile>
    <ClCompile Include="GlobalUISpec.cpp">
      <Filter>Source Files\ObjectSpecs</Filter>
    </ClCompile>
    <ClCompile Include="ObjectEventFactory.cpp">
      <Filter>Source Files\Engine\Objects</Filter>
    </ClCompile>
    <ClCompile Include="ObjectEventCreator.cpp">
      <Filter>Source Files\Engine\Objects</Filter>
    </ClCompile>
    <ClCompile Include="NewtonianPhysModel.cpp">
      <Filter>Source Files\Engine\Physics\Models</Filter>
    </ClCompile>
    <ClCompile Include="HasPhys.cpp">
      <Filter>Source Files\Engine\Physics</Filter>
    </ClCompile>
    <ClCompile Include="PhysObserver.cpp">
      <Filter>Source Files\Engine\Physics</Filter>
    </ClCompile>
    <ClCompile Include="MyDrawEngine.cpp">
      <Filter>Source Files\Engine\Graphics</Filter>
    </ClCompile>
    <ClCompile Include="MyInputs.cpp">
      <Filter>Source Files\Engine\Controllers</Filter>
    </ClCompile>
    <ClCompile Include="MySoundEngine.cpp">
      <Filter>Source Files\Engine\Audio</Filter>
    </ClCompile>
  </ItemGroup>
  <ItemGroup>
    <ClInclude Include="Game.h">
      <Filter>Header Files</Filter>
    </ClInclude>
    <ClInclude Include="Node.h">
      <Filter>Header Files\Utils</Filter>
    </ClInclude>
    <ClInclude Include="Event.h">
      <Filter>Header Files\Engine\Controllers</Filter>
    </ClInclude>
    <ClInclude Include="KeyMap.h">
      <Filter>Header Files\Engine\Controllers</Filter>
    </ClInclude>
    <ClInclude Include="Ship.h">
      <Filter>Header Files\Objects</Filter>
    </ClInclude>
    <ClInclude Include="Derived.h">
      <Filter>Header Files\Utils</Filter>
    </ClInclude>
    <ClInclude Include="Controls.h">
      <Filter>Header Files\Engine\Controllers</Filter>
    </ClInclude>
    <ClInclude Include="Symbol.h">
      <Filter>Header Files\Utils</Filter>
    </ClInclude>
    <ClInclude Include="GameTimer.h">
      <Filter>Header Files\Engine\Utils</Filter>
    </ClInclude>
    <ClInclude Include="ErrorLogger.h">
      <Filter>Header Files\Engine\Utils</Filter>
    </ClInclude>
    <ClInclude Include="ErrorType.h">
      <Filter>Header Files\Engine\Utils</Filter>
    </ClInclude>
    <ClInclude Include="Camera.h">
      <Filter>Header Files\Engine\Graphics</Filter>
    </ClInclude>
    <ClInclude Include="GameObject.h">
      <Filter>Header Files\Engine\Objects</Filter>
    </ClInclude>
    <ClInclude Include="ObjectManager.h">
      <Filter>Header Files\Engine\Objects</Filter>
    </ClInclude>
    <ClInclude Include="GraphicsModel.h">
      <Filter>Header Files\Engine\Graphics</Filter>
    </ClInclude>
    <ClInclude Include="ImageGraphicsModel.h">
      <Filter>Header Files\Engine\Graphics</Filter>
    </ClInclude>
    <ClInclude Include="Vector2D.h">
      <Filter>Header Files\Engine\Utils</Filter>
    </ClInclude>
    <ClInclude Include="Shapes.h">
      <Filter>Header Files\Engine\Utils</Filter>
    </ClInclude>
    <ClInclude Include="UpgradeTree.h">
      <Filter>Header Files\Objects\Components</Filter>
    </ClInclude>
    <ClInclude Include="UpgradeTreeUI.h">
      <Filter>Header Files\Graphics</Filter>
    </ClInclude>
    <ClInclude Include="Bullet.h">
      <Filter>Header Files\Objects</Filter>
    </ClInclude>
    <ClInclude Include="QueueUtils.h">
      <Filter>Header Files\Utils</Filter>
    </ClInclude>
    <ClInclude Include="ReferenceWrapperUtils.h">
      <Filter>Header Files\Utils</Filter>
    </ClInclude>
    <ClInclude Include="GlobalUI.h">
      <Filter>Header Files\Objects</Filter>
    </ClInclude>
    <ClInclude Include="Timer.h">
      <Filter>Header Files\Engine\Controllers</Filter>
    </ClInclude>
    <ClInclude Include="ObjectEvent.h">
      <Filter>Header Files\Engine\Objects</Filter>
    </ClInclude>
    <ClInclude Include="ObjectFactoryManager.h">
      <Filter>Header Files\Engine\Objects</Filter>
    </ClInclude>
    <ClInclude Include="ObjectSpec.h">
      <Filter>Header Files\Engine\Objects</Filter>
    </ClInclude>
    <ClInclude Include="ShipSpec.h">
      <Filter>Header Files\ObjectSpecs</Filter>
    </ClInclude>
    <ClInclude Include="uptrcast.h">
      <Filter>Header Files\Utils</Filter>
    </ClInclude>
    <ClInclude Include="BulletSpec.h">
      <Filter>Header Files\ObjectSpecs</Filter>
    </ClInclude>
    <ClInclude Include="GlobalUISpec.h">
      <Filter>Header Files\ObjectSpecs</Filter>
    </ClInclude>
    <ClInclude Include="SelfReferencing.h">
      <Filter>Header Files\Utils</Filter>
    </ClInclude>
    <ClInclude Include="ObjectEventFactory.h">
      <Filter>Header Files\Engine\Objects</Filter>
    </ClInclude>
    <ClInclude Include="ObjectFactory.h">
      <Filter>Header Files\Engine\Objects</Filter>
    </ClInclude>
    <ClInclude Include="ObjectEventCreator.h">
      <Filter>Header Files\Engine\Objects</Filter>
    </ClInclude>
    <ClInclude Include="Tracker.h">
      <Filter>Header Files\Utils</Filter>
    </ClInclude>
    <ClInclude Include="HasPhys.h">
      <Filter>Header Files\Engine\Physics</Filter>
    </ClInclude>
    <ClInclude Include="HasPhysOf.h">
      <Filter>Header Files\Engine\Physics</Filter>
    </ClInclude>
    <ClInclude Include="PhysObserver.h">
      <Filter>Header Files\Engine\Physics</Filter>
    </ClInclude>
    <ClInclude Include="PhysObserverOf.h">
      <Filter>Header Files\Engine\Physics</Filter>
    </ClInclude>
    <ClInclude Include="NewtonianPhysModel.h">
      <Filter>Header Files\Engine\Physics\Models</Filter>
    </ClInclude>
    <ClInclude Include="PhysModel.h">
      <Filter>Header Files\Engine\Physics</Filter>
    </ClInclude>
    <ClInclude Include="MyDrawEngine.h">
      <Filter>Header Files\Engine\Graphics</Filter>
    </ClInclude>
    <ClInclude Include="MyInputs.h">
      <Filter>Header Files\Engine\Controllers</Filter>
    </ClInclude>
    <ClInclude Include="MySoundEngine.h">
      <Filter>Header Files\Engine\Audio</Filter>
    </ClInclude>
  </ItemGroup>
</Project>